
Microsoft Visual Studio Solution File, Format Version 12.00
# Visual Studio Version 17
VisualStudioVersion = 17.8.34330.188
MinimumVisualStudioVersion = 10.0.40219.1
Project("{8BC9CEB8-8B4A-11D0-8D11-00A0C91BC942}") = "1.2", "1.2.vcxproj", "{912E84CD-0616-4D59-ACDA-C35C6FBAA661}"
EndProject
Global
	GlobalSection(SolutionConfigurationPlatforms) = preSolution
		Debug|x64 = Debug|x64
		Debug|x86 = Debug|x86
		Release|x64 = Release|x64
		Release|x86 = Release|x86
	EndGlobalSection
	GlobalSection(ProjectConfigurationPlatforms) = postSolution
		{912E84CD-0616-4D59-ACDA-C35C6FBAA661}.Debug|x64.ActiveCfg = Debug|x64
		{912E84CD-0616-4D59-ACDA-C35C6FBAA661}.Debug|x64.Build.0 = Debug|x64
		{912E84CD-0616-4D59-ACDA-C35C6FBAA661}.Debug|x86.ActiveCfg = Debug|Win32
		{912E84CD-0616-4D59-ACDA-C35C6FBAA661}.Debug|x86.Build.0 = Debug|Win32
		{912E84CD-0616-4D59-ACDA-C35C6FBAA661}.Release|x64.ActiveCfg = Release|x64
		{912E84CD-0616-4D59-ACDA-C35C6FBAA661}.Release|x64.Build.0 = Release|x64
		{912E84CD-0616-4D59-ACDA-C35C6FBAA661}.Release|x86.ActiveCfg = Release|Win32
		{912E84CD-0616-4D59-ACDA-C35C6FBAA661}.Release|x86.Build.0 = Release|Win32
	EndGlobalSection
	GlobalSection(SolutionProperties) = preSolution
		HideSolutionNode = FALSE
	EndGlobalSection
	GlobalSection(ExtensibilityGlobals) = postSolution
		SolutionGuid = {E54FEA47-B4CA-4637-A370-68DE0470096B}
	EndGlobalSection
EndGlobal
